
Microsoft Visual Studio Solution File, Format Version 12.00
# Visual Studio Version 17
VisualStudioVersion = 17.9.34728.123
MinimumVisualStudioVersion = 10.0.40219.1
Project("{FAE04EC0-301F-11D3-BF4B-00C04F79EFBC}") = "ApiBackgroundService", "ApiBackgroundService\ApiBackgroundService.csproj", "{F3268074-241E-4417-82CE-5A0AB936826B}"
EndProject
Global
	GlobalSection(SolutionConfigurationPlatforms) = preSolution
		Debug|Any CPU = Debug|Any CPU
		Release|Any CPU = Release|Any CPU
	EndGlobalSection
	GlobalSection(ProjectConfigurationPlatforms) = postSolution
		{F3268074-241E-4417-82CE-5A0AB936826B}.Debug|Any CPU.ActiveCfg = Debug|Any CPU
		{F3268074-241E-4417-82CE-5A0AB936826B}.Debug|Any CPU.Build.0 = Debug|Any CPU
		{F3268074-241E-4417-82CE-5A0AB936826B}.Release|Any CPU.ActiveCfg = Release|Any CPU
		{F3268074-241E-4417-82CE-5A0AB936826B}.Release|Any CPU.Build.0 = Release|Any CPU
	EndGlobalSection
	GlobalSection(SolutionProperties) = preSolution
		HideSolutionNode = FALSE
	EndGlobalSection
	GlobalSection(ExtensibilityGlobals) = postSolution
		SolutionGuid = {31FD0E8B-0501-476C-8D6B-6687D5613812}
	EndGlobalSection
EndGlobal
